{
  "requires": true,
  "lockfileVersion": 1,
  "dependencies": {
    "@emotion/is-prop-valid": {
      "version": "0.8.8",
      "resolved": "https://registry.npmjs.org/@emotion/is-prop-valid/-/is-prop-valid-0.8.8.tgz",
      "integrity": "sha512-u5WtneEAr5IDG2Wv65yhunPSMLIpuKsbuOktRojfrEiEvRyC85LgPMZI63cr7NUqT8ZIGdSVg8ZKGxIug4lXcA==",
      "optional": true,
      "requires": {
        "@emotion/memoize": "0.7.4"
      }
    },
    "@emotion/memoize": {
      "version": "0.7.4",
      "resolved": "https://registry.npmjs.org/@emotion/memoize/-/memoize-0.7.4.tgz",
      "integrity": "sha512-Ja/Vfqe3HpuzRsG1oBtWTHk2PGZ7GR+2Vz5iYGelAw8dx32K0y7PjVuxK6z1nMpZOqAFsRUPCkK1YjJ56qJlgw==",
      "optional": true
    },
    "framer-motion": {
      "version": "3.2.2-rc.1",
      "resolved": "https://registry.npmjs.org/framer-motion/-/framer-motion-3.2.2-rc.1.tgz",
      "integrity": "sha512-Q/b0f3mPmhZ3CZILCMaWKxZh+js3J0is4eF1IMyHrDcYvBENTlepfb0oE6VNLcw3pwxxtmvIP//N+4bWUzHI1w==",
      "requires": {
        "@emotion/is-prop-valid": "^0.8.2",
        "framesync": "^5.0.0",
        "hey-listen": "^1.0.8",
        "popmotion": "^9.1.0",
        "style-value-types": "^4.0.1",
        "tslib": "^1.10.0"
      }
    },
    "framesync": {
      "version": "5.0.0",
      "resolved": "https://registry.npmjs.org/framesync/-/framesync-5.0.0.tgz",
      "integrity": "sha512-wd8t+JsQGisluSv1twiEeDv0aNGpavGb9q7xgIk9fGbcIWkNXF/KVtrjnOrCwBWJuiXxlJfNkcvGudsI32FxYA=="
    },
    "hey-listen": {
      "version": "1.0.8",
      "resolved": "https://registry.npmjs.org/hey-listen/-/hey-listen-1.0.8.tgz",
      "integrity": "sha512-COpmrF2NOg4TBWUJ5UVyaCU2A88wEMkUPK4hNqyCkqHbxT92BbvfjoSozkAIIm6XhicGlJHhFdullInrdhwU8Q=="
    },
    "popmotion": {
      "version": "9.1.0",
      "resolved": "https://registry.npmjs.org/popmotion/-/popmotion-9.1.0.tgz",
      "integrity": "sha512-+J7pzzBy5kk2qsP8ilowKs/CH+HoZa3kOGEBNCleCvsPXEF3nKHdfAR3SboMyPvdpIrofaT7ZIy/xWgz446Azw==",
      "requires": {
        "framesync": "5.0.0",
        "hey-listen": "^1.0.8",
        "style-value-types": "^4.0.1",
        "tslib": "^1.10.0"
      }
    },
    "react-confirm-alert": {
      "version": "2.7.0",
      "resolved": "https://registry.npmjs.org/react-confirm-alert/-/react-confirm-alert-2.7.0.tgz",
      "integrity": "sha512-21NWtGK/e85+ZX3TLRpMc3IsU5Kj6Z9ElCOrkTIlwMzV9EancyXNlkqHGbtKP63a2iS6g5hOxROokmJOqKQiXA=="
    },
    "style-value-types": {
      "version": "4.0.1",
      "resolved": "https://registry.npmjs.org/style-value-types/-/style-value-types-4.0.1.tgz",
      "integrity": "sha512-aOV/HHyynIyTmU27qfs0oAHhFde6BFIvV4+nMerE2MAPZMwYOeQk1/F3S6djxF2u4HdbiieCPs3ZzWsbNUoc9A==",
      "requires": {
        "hey-listen": "^1.0.8",
        "tslib": "^1.10.0"
      }
    },
    "tslib": {
      "version": "1.14.1",
      "resolved": "https://registry.npmjs.org/tslib/-/tslib-1.14.1.tgz",
      "integrity": "sha512-Xni35NKzjgMrwevysHTCArtLDpPvye8zV/0E4EyYn43P7/7qvQwPh9BGkHewbMulVntbigmcT7rdX3BNo9wRJg=="
    }
  }
}
